
Microsoft Visual Studio Solution File, Format Version 12.00
# Visual Studio Version 17
VisualStudioVersion = 17.1.31903.286
MinimumVisualStudioVersion = 10.0.40219.1
Project("{FAE04EC0-301F-11D3-BF4B-00C04F79EFBC}") = "MyAzureWebShop", "MyAzureWebShop\MyAzureWebShop.csproj", "{A92F2A91-243A-4270-9654-EC1FDBFAD898}"
EndProject
Global
	GlobalSection(SolutionConfigurationPlatforms) = preSolution
		Debug|Any CPU = Debug|Any CPU
		Release|Any CPU = Release|Any CPU
	EndGlobalSection
	GlobalSection(ProjectConfigurationPlatforms) = postSolution
		{A92F2A91-243A-4270-9654-EC1FDBFAD898}.Debug|Any CPU.ActiveCfg = Debug|Any CPU
		{A92F2A91-243A-4270-9654-EC1FDBFAD898}.Debug|Any CPU.Build.0 = Debug|Any CPU
		{A92F2A91-243A-4270-9654-EC1FDBFAD898}.Release|Any CPU.ActiveCfg = Release|Any CPU
		{A92F2A91-243A-4270-9654-EC1FDBFAD898}.Release|Any CPU.Build.0 = Release|Any CPU
	EndGlobalSection
	GlobalSection(SolutionProperties) = preSolution
		HideSolutionNode = FALSE
	EndGlobalSection
	GlobalSection(ExtensibilityGlobals) = postSolution
		SolutionGuid = {006DD89D-85C6-4E0D-A9D3-92ADB6C8814D}
	EndGlobalSection
EndGlobal
